
Microsoft Visual Studio Solution File, Format Version 12.00
# Visual Studio Version 17
VisualStudioVersion = 17.5.33530.505
MinimumVisualStudioVersion = 10.0.40219.1
Project("{FAE04EC0-301F-11D3-BF4B-00C04F79EFBC}") = "test", "test\test.csproj", "{88E961D8-DF68-4C8B-80B8-CABE52BEB7A0}"
EndProject
Global
	GlobalSection(SolutionConfigurationPlatforms) = preSolution
		Debug|Any CPU = Debug|Any CPU
		Release|Any CPU = Release|Any CPU
	EndGlobalSection
	GlobalSection(ProjectConfigurationPlatforms) = postSolution
		{88E961D8-DF68-4C8B-80B8-CABE52BEB7A0}.Debug|Any CPU.ActiveCfg = Debug|Any CPU
		{88E961D8-DF68-4C8B-80B8-CABE52BEB7A0}.Debug|Any CPU.Build.0 = Debug|Any CPU
		{88E961D8-DF68-4C8B-80B8-CABE52BEB7A0}.Release|Any CPU.ActiveCfg = Release|Any CPU
		{88E961D8-DF68-4C8B-80B8-CABE52BEB7A0}.Release|Any CPU.Build.0 = Release|Any CPU
	EndGlobalSection
	GlobalSection(SolutionProperties) = preSolution
		HideSolutionNode = FALSE
	EndGlobalSection
	GlobalSection(ExtensibilityGlobals) = postSolution
		SolutionGuid = {9D6678AE-5A55-419B-9736-CB9606A22EC3}
	EndGlobalSection
EndGlobal
